
Microsoft Visual Studio Solution File, Format Version 11.00
# Visual Studio 2010
# SharpDevelop 4.1.0.7794-beta
Project("{FAE04EC0-301F-11D3-BF4B-00C04F79EFBC}") = "Electro", "Electro\Electro.csproj", "{C026BB35-42F0-4EA5-8AFB-9F5D3A83FCAD}"
EndProject
Global
	GlobalSection(SolutionConfigurationPlatforms) = preSolution
		Debug|Any CPU = Debug|Any CPU
		Release|Any CPU = Release|Any CPU
	EndGlobalSection
	GlobalSection(ProjectConfigurationPlatforms) = postSolution
		{C026BB35-42F0-4EA5-8AFB-9F5D3A83FCAD}.Debug|Any CPU.ActiveCfg = Debug|Any CPU
		{C026BB35-42F0-4EA5-8AFB-9F5D3A83FCAD}.Debug|Any CPU.Build.0 = Debug|Any CPU
		{C026BB35-42F0-4EA5-8AFB-9F5D3A83FCAD}.Release|Any CPU.ActiveCfg = Release|Any CPU
		{C026BB35-42F0-4EA5-8AFB-9F5D3A83FCAD}.Release|Any CPU.Build.0 = Release|Any CPU
	EndGlobalSection
	GlobalSection(SolutionProperties) = preSolution
		HideSolutionNode = FALSE
	EndGlobalSection
EndGlobal
